{
  "version": 4,
  "terraform_version": "0.12.3",
  "serial": 96,
  "lineage": "764bdd4d-bdd2-60e7-8e9e-3067ca62301f",
  "outputs": {},
  "resources": [
    {
      "mode": "managed",
      "type": "azurerm_network_interface",
      "name": "myterraformnica",
      "provider": "provider.azurerm",
      "instances": [
        {
          "schema_version": 0,
          "attributes": {
            "applied_dns_servers": [],
            "dns_servers": [],
            "enable_accelerated_networking": false,
            "enable_ip_forwarding": false,
            "id": "/subscriptions/e0fae348-f6c2-45f5-87b7-c41c22782d8f/resourceGroups/Team01ResourceGroup/providers/Microsoft.Network/networkInterfaces/Team01NIC_Web",
            "internal_dns_name_label": "",
            "internal_fqdn": "",
            "ip_configuration": [
              {
                "application_gateway_backend_address_pools_ids": [],
                "application_security_group_ids": [],
                "load_balancer_backend_address_pools_ids": [],
                "load_balancer_inbound_nat_rules_ids": [],
                "name": "Team01NicConfigurationA",
                "primary": true,
                "private_ip_address": "",
                "private_ip_address_allocation": "dynamic",
                "private_ip_address_version": "IPv4",
                "public_ip_address_id": "/subscriptions/e0fae348-f6c2-45f5-87b7-c41c22782d8f/resourceGroups/Team01ResourceGroup/providers/Microsoft.Network/publicIPAddresses/Team01PublicIPA",
                "subnet_id": "/subscriptions/e0fae348-f6c2-45f5-87b7-c41c22782d8f/resourceGroups/Team01ResourceGroup/providers/Microsoft.Network/virtualNetworks/Team01Vnet/subnets/Team01SubnetA"
              }
            ],
            "location": "koreasouth",
            "mac_address": "00-22-48-06-83-9D",
            "name": "Team01NIC_Web",
            "network_security_group_id": "/subscriptions/e0fae348-f6c2-45f5-87b7-c41c22782d8f/resourceGroups/Team01ResourceGroup/providers/Microsoft.Network/networkSecurityGroups/Team01NetworkSecurityGroupA",
            "private_ip_address": "1.0.1.4",
            "private_ip_addresses": [
              "1.0.1.4"
            ],
            "resource_group_name": "Team01ResourceGroup",
            "tags": {
              "environment": "Terraform Demo"
            },
            "virtual_machine_id": "/subscriptions/e0fae348-f6c2-45f5-87b7-c41c22782d8f/resourceGroups/Team01ResourceGroup/providers/Microsoft.Compute/virtualMachines/Team01WebVM"
          },
          "depends_on": [
            "azurerm_network_security_group.myterraformnsga",
            "azurerm_public_ip.myterraformpublicipa",
            "azurerm_resource_group.myterraformgroup",
            "azurerm_subnet.myterraformsubneta"
          ]
        }
      ]
    },
    {
      "mode": "managed",
      "type": "azurerm_network_interface",
      "name": "myterraformnicb",
      "provider": "provider.azurerm",
      "instances": [
        {
          "schema_version": 0,
          "attributes": {
            "applied_dns_servers": [],
            "dns_servers": [],
            "enable_accelerated_networking": false,
            "enable_ip_forwarding": false,
            "id": "/subscriptions/e0fae348-f6c2-45f5-87b7-c41c22782d8f/resourceGroups/Team01ResourceGroup/providers/Microsoft.Network/networkInterfaces/Team01NIC_DB",
            "internal_dns_name_label": "",
            "internal_fqdn": "",
            "ip_configuration": [
              {
                "application_gateway_backend_address_pools_ids": [],
                "application_security_group_ids": [],
                "load_balancer_backend_address_pools_ids": [],
                "load_balancer_inbound_nat_rules_ids": [],
                "name": "Team01NicConfigurationB",
                "primary": true,
                "private_ip_address": "",
                "private_ip_address_allocation": "dynamic",
                "private_ip_address_version": "IPv4",
                "public_ip_address_id": "/subscriptions/e0fae348-f6c2-45f5-87b7-c41c22782d8f/resourceGroups/Team01ResourceGroup/providers/Microsoft.Network/publicIPAddresses/Team01PublicIPB",
                "subnet_id": "/subscriptions/e0fae348-f6c2-45f5-87b7-c41c22782d8f/resourceGroups/Team01ResourceGroup/providers/Microsoft.Network/virtualNetworks/Team01Vnet/subnets/Team01SubnetB"
              }
            ],
            "location": "koreasouth",
            "mac_address": "",
            "name": "Team01NIC_DB",
            "network_security_group_id": "/subscriptions/e0fae348-f6c2-45f5-87b7-c41c22782d8f/resourceGroups/Team01ResourceGroup/providers/Microsoft.Network/networkSecurityGroups/Team01NetworkSecurityGroupB",
            "private_ip_address": "1.0.2.4",
            "private_ip_addresses": [
              "1.0.2.4"
            ],
            "resource_group_name": "Team01ResourceGroup",
            "tags": {
              "environment": "Terraform Demo"
            },
            "virtual_machine_id": null
          },
          "private": "bnVsbA==",
          "depends_on": [
            "azurerm_network_security_group.myterraformnsgb",
            "azurerm_public_ip.myterraformpublicipb",
            "azurerm_resource_group.myterraformgroup",
            "azurerm_subnet.myterraformsubnetb"
          ]
        }
      ]
    },
    {
      "mode": "managed",
      "type": "azurerm_network_security_group",
      "name": "myterraformnsga",
      "provider": "provider.azurerm",
      "instances": [
        {
          "schema_version": 0,
          "attributes": {
            "id": "/subscriptions/e0fae348-f6c2-45f5-87b7-c41c22782d8f/resourceGroups/Team01ResourceGroup/providers/Microsoft.Network/networkSecurityGroups/Team01NetworkSecurityGroupA",
            "location": "koreasouth",
            "name": "Team01NetworkSecurityGroupA",
            "resource_group_name": "Team01ResourceGroup",
            "security_rule": [
              {
                "access": "Allow",
                "description": "",
                "destination_address_prefix": "*",
                "destination_address_prefixes": [],
                "destination_application_security_group_ids": [],
                "destination_port_range": "22",
                "destination_port_ranges": [],
                "direction": "Inbound",
                "name": "SSH",
                "priority": 1001,
                "protocol": "Tcp",
                "source_address_prefix": "*",
                "source_address_prefixes": [],
                "source_application_security_group_ids": [],
                "source_port_range": "*",
                "source_port_ranges": []
              },
              {
                "access": "Allow",
                "description": "",
                "destination_address_prefix": "*",
                "destination_address_prefixes": [],
                "destination_application_security_group_ids": [],
                "destination_port_range": "80",
                "destination_port_ranges": [],
                "direction": "Inbound",
                "name": "HTTP",
                "priority": 2001,
                "protocol": "Tcp",
                "source_address_prefix": "*",
                "source_address_prefixes": [],
                "source_application_security_group_ids": [],
                "source_port_range": "*",
                "source_port_ranges": []
              }
            ],
            "tags": {
              "environment": "Terraform Demo"
            }
          },
          "depends_on": [
            "azurerm_resource_group.myterraformgroup"
          ]
        }
      ]
    },
    {
      "mode": "managed",
      "type": "azurerm_network_security_group",
      "name": "myterraformnsgb",
      "provider": "provider.azurerm",
      "instances": [
        {
          "schema_version": 0,
          "attributes": {
            "id": "/subscriptions/e0fae348-f6c2-45f5-87b7-c41c22782d8f/resourceGroups/Team01ResourceGroup/providers/Microsoft.Network/networkSecurityGroups/Team01NetworkSecurityGroupB",
            "location": "koreasouth",
            "name": "Team01NetworkSecurityGroupB",
            "resource_group_name": "Team01ResourceGroup",
            "security_rule": [
              {
                "access": "Allow",
                "description": "",
                "destination_address_prefix": "*",
                "destination_address_prefixes": [],
                "destination_application_security_group_ids": [],
                "destination_port_range": "22",
                "destination_port_ranges": [],
                "direction": "Inbound",
                "name": "SSH",
                "priority": 1001,
                "protocol": "Tcp",
                "source_address_prefix": "*",
                "source_address_prefixes": [],
                "source_application_security_group_ids": [],
                "source_port_range": "*",
                "source_port_ranges": []
              },
              {
                "access": "Allow",
                "description": "",
                "destination_address_prefix": "*",
                "destination_address_prefixes": [],
                "destination_application_security_group_ids": [],
                "destination_port_range": "3306",
                "destination_port_ranges": [],
                "direction": "Inbound",
                "name": "DB",
                "priority": 2001,
                "protocol": "Tcp",
                "source_address_prefix": "*",
                "source_address_prefixes": [],
                "source_application_security_group_ids": [],
                "source_port_range": "*",
                "source_port_ranges": []
              }
            ],
            "tags": {
              "environment": "Terraform Demo"
            }
          },
          "private": "bnVsbA==",
          "depends_on": [
            "azurerm_resource_group.myterraformgroup"
          ]
        }
      ]
    },
    {
      "mode": "managed",
      "type": "azurerm_public_ip",
      "name": "myterraformpublicipa",
      "provider": "provider.azurerm",
      "instances": [
        {
          "schema_version": 0,
          "attributes": {
            "allocation_method": "Dynamic",
            "domain_name_label": null,
            "fqdn": null,
            "id": "/subscriptions/e0fae348-f6c2-45f5-87b7-c41c22782d8f/resourceGroups/Team01ResourceGroup/providers/Microsoft.Network/publicIPAddresses/Team01PublicIPA",
            "idle_timeout_in_minutes": 4,
            "ip_address": "52.231.156.176",
            "ip_version": "IPv4",
            "location": "koreasouth",
            "name": "Team01PublicIPA",
            "public_ip_address_allocation": "Dynamic",
            "public_ip_prefix_id": null,
            "resource_group_name": "Team01ResourceGroup",
            "reverse_fqdn": null,
            "sku": "Basic",
            "tags": {
              "environment": "Terraform Demo"
            },
            "zones": []
          },
          "depends_on": [
            "azurerm_resource_group.myterraformgroup"
          ]
        }
      ]
    },
    {
      "mode": "managed",
      "type": "azurerm_public_ip",
      "name": "myterraformpublicipb",
      "provider": "provider.azurerm",
      "instances": [
        {
          "schema_version": 0,
          "attributes": {
            "allocation_method": "Dynamic",
            "domain_name_label": null,
            "fqdn": null,
            "id": "/subscriptions/e0fae348-f6c2-45f5-87b7-c41c22782d8f/resourceGroups/Team01ResourceGroup/providers/Microsoft.Network/publicIPAddresses/Team01PublicIPB",
            "idle_timeout_in_minutes": 4,
            "ip_address": "",
            "ip_version": "IPv4",
            "location": "koreasouth",
            "name": "Team01PublicIPB",
            "public_ip_address_allocation": "Dynamic",
            "public_ip_prefix_id": null,
            "resource_group_name": "Team01ResourceGroup",
            "reverse_fqdn": null,
            "sku": "Basic",
            "tags": {
              "environment": "Terraform Demo"
            },
            "zones": []
          },
          "depends_on": [
            "azurerm_resource_group.myterraformgroup"
          ]
        }
      ]
    },
    {
      "mode": "managed",
      "type": "azurerm_resource_group",
      "name": "myterraformgroup",
      "provider": "provider.azurerm",
      "instances": [
        {
          "schema_version": 0,
          "attributes": {
            "id": "/subscriptions/e0fae348-f6c2-45f5-87b7-c41c22782d8f/resourceGroups/Team01ResourceGroup",
            "location": "koreasouth",
            "name": "Team01ResourceGroup",
            "tags": {
              "environment": "Team01Terraform Demo"
            }
          }
        }
      ]
    },
    {
      "mode": "managed",
      "type": "azurerm_storage_account",
      "name": "mystorageaccount",
      "provider": "provider.azurerm",
      "instances": [
        {
          "schema_version": 2,
          "attributes": {
            "access_tier": "",
            "account_encryption_source": "Microsoft.Storage",
            "account_kind": "Storage",
            "account_replication_type": "LRS",
            "account_tier": "Standard",
            "account_type": "Standard_LRS",
            "custom_domain": [],
            "enable_blob_encryption": true,
            "enable_file_encryption": true,
            "enable_https_traffic_only": false,
            "id": "/subscriptions/e0fae348-f6c2-45f5-87b7-c41c22782d8f/resourceGroups/Team01ResourceGroup/providers/Microsoft.Storage/storageAccounts/diag16fe6631145227e0",
            "identity": [],
            "is_hns_enabled": false,
            "location": "koreasouth",
            "name": "diag16fe6631145227e0",
            "network_rules": [],
            "primary_access_key": "UdY/wvprFqDARblyViWgsd+8ip06k/l/yK+7PuvRU+6aOtyiY/bkqBlBNwMCLGwMhAd31kDg7g3d2occwsz/BQ==",
            "primary_blob_connection_string": "DefaultEndpointsProtocol=https;BlobEndpoint=https://diag16fe6631145227e0.blob.core.windows.net/;AccountName=diag16fe6631145227e0;AccountKey=UdY/wvprFqDARblyViWgsd+8ip06k/l/yK+7PuvRU+6aOtyiY/bkqBlBNwMCLGwMhAd31kDg7g3d2occwsz/BQ==",
            "primary_blob_endpoint": "https://diag16fe6631145227e0.blob.core.windows.net/",
            "primary_blob_host": "diag16fe6631145227e0.blob.core.windows.net",
            "primary_connection_string": "DefaultEndpointsProtocol=https;AccountName=diag16fe6631145227e0;AccountKey=UdY/wvprFqDARblyViWgsd+8ip06k/l/yK+7PuvRU+6aOtyiY/bkqBlBNwMCLGwMhAd31kDg7g3d2occwsz/BQ==;EndpointSuffix=core.windows.net",
            "primary_dfs_endpoint": "",
            "primary_dfs_host": "",
            "primary_file_endpoint": "https://diag16fe6631145227e0.file.core.windows.net/",
            "primary_file_host": "diag16fe6631145227e0.file.core.windows.net",
            "primary_location": "koreasouth",
            "primary_queue_endpoint": "https://diag16fe6631145227e0.queue.core.windows.net/",
            "primary_queue_host": "diag16fe6631145227e0.queue.core.windows.net",
            "primary_table_endpoint": "https://diag16fe6631145227e0.table.core.windows.net/",
            "primary_table_host": "diag16fe6631145227e0.table.core.windows.net",
            "primary_web_endpoint": "",
            "primary_web_host": "",
            "resource_group_name": "Team01ResourceGroup",
            "secondary_access_key": "DqWm93EUTUsLMY2BU66U1S0Te7RQU/w/2JTn9pEzoMNdV06mywXybf9sq+il1H7fk9jWzETfxUu4P4CmJCRMug==",
            "secondary_blob_connection_string": "",
            "secondary_blob_endpoint": null,
            "secondary_blob_host": null,
            "secondary_connection_string": "DefaultEndpointsProtocol=https;AccountName=diag16fe6631145227e0;AccountKey=DqWm93EUTUsLMY2BU66U1S0Te7RQU/w/2JTn9pEzoMNdV06mywXybf9sq+il1H7fk9jWzETfxUu4P4CmJCRMug==;EndpointSuffix=core.windows.net",
            "secondary_dfs_endpoint": null,
            "secondary_dfs_host": null,
            "secondary_file_endpoint": null,
            "secondary_file_host": null,
            "secondary_location": "",
            "secondary_queue_endpoint": null,
            "secondary_queue_host": null,
            "secondary_table_endpoint": null,
            "secondary_table_host": null,
            "secondary_web_endpoint": null,
            "secondary_web_host": null,
            "tags": {
              "environment": "Terraform Demo"
            }
          },
          "depends_on": [
            "azurerm_resource_group.myterraformgroup",
            "random_id.randomId"
          ]
        }
      ]
    },
    {
      "mode": "managed",
      "type": "azurerm_subnet",
      "name": "myterraformsubneta",
      "provider": "provider.azurerm",
      "instances": [
        {
          "schema_version": 0,
          "attributes": {
            "address_prefix": "1.0.1.0/24",
            "delegation": [],
            "id": "/subscriptions/e0fae348-f6c2-45f5-87b7-c41c22782d8f/resourceGroups/Team01ResourceGroup/providers/Microsoft.Network/virtualNetworks/Team01Vnet/subnets/Team01SubnetA",
            "ip_configurations": [
              "/subscriptions/e0fae348-f6c2-45f5-87b7-c41c22782d8f/resourceGroups/Team01ResourceGroup/providers/Microsoft.Network/networkInterfaces/Team01NIC_Web/ipConfigurations/Team01NicConfigurationA"
            ],
            "name": "Team01SubnetA",
            "network_security_group_id": "",
            "resource_group_name": "Team01ResourceGroup",
            "route_table_id": "",
            "service_endpoints": [],
            "virtual_network_name": "Team01Vnet"
          },
          "depends_on": [
            "azurerm_resource_group.myterraformgroup",
            "azurerm_virtual_network.myterraformnetwork"
          ]
        }
      ]
    },
    {
      "mode": "managed",
      "type": "azurerm_subnet",
      "name": "myterraformsubnetb",
      "provider": "provider.azurerm",
      "instances": [
        {
          "schema_version": 0,
          "attributes": {
            "address_prefix": "1.0.2.0/24",
            "delegation": [],
            "id": "/subscriptions/e0fae348-f6c2-45f5-87b7-c41c22782d8f/resourceGroups/Team01ResourceGroup/providers/Microsoft.Network/virtualNetworks/Team01Vnet/subnets/Team01SubnetB",
            "ip_configurations": [],
            "name": "Team01SubnetB",
            "network_security_group_id": "",
            "resource_group_name": "Team01ResourceGroup",
            "route_table_id": "",
            "service_endpoints": [],
            "virtual_network_name": "Team01Vnet"
          },
          "depends_on": [
            "azurerm_resource_group.myterraformgroup",
            "azurerm_virtual_network.myterraformnetwork"
          ]
        }
      ]
    },
    {
      "mode": "managed",
      "type": "azurerm_virtual_machine",
      "name": "myterraformdbvm",
      "provider": "provider.azurerm",
      "instances": [
        {
          "schema_version": 0,
          "attributes": {
            "availability_set_id": null,
            "boot_diagnostics": [
              {
                "enabled": true,
                "storage_uri": "https://diag16fe6631145227e0.blob.core.windows.net/"
              }
            ],
            "delete_data_disks_on_termination": false,
            "delete_os_disk_on_termination": false,
            "id": "/subscriptions/e0fae348-f6c2-45f5-87b7-c41c22782d8f/resourceGroups/Team01ResourceGroup/providers/Microsoft.Compute/virtualMachines/Team01DBVM",
            "identity": [],
            "license_type": null,
            "location": "koreasouth",
            "name": "Team01DBVM",
            "network_interface_ids": [
              "/subscriptions/e0fae348-f6c2-45f5-87b7-c41c22782d8f/resourceGroups/Team01ResourceGroup/providers/Microsoft.Network/networkInterfaces/Team01NIC_DB"
            ],
            "os_profile": [
              {
                "admin_password": "",
                "admin_username": "user09",
                "computer_name": "Team01DBvm",
                "custom_data": ""
              }
            ],
            "os_profile_linux_config": [
              {
                "disable_password_authentication": true,
                "ssh_keys": [
                  {
                    "key_data": "ssh-rsa AAAAB3NzaC1yc2EAAAADAQABAAABAQDBCS1H2TonA5kO+zjWQExS6ZC9kxaSchczt67j+Gg4aR1pp3OH6H5+x7MT7oxWLAMwCEnTOWfpjYagNeDQSJnq+f5ZM0AnPjwoEWjU3JLukp9uZdPMRRKeXJ4Hyoj94GsRj+j8+bvG/jObot9H0v/CI5fPYvGPuSAx7fKJ+sLuKOKNnZy9FV51kPa/5Eh6lfdwdp6dbDz06AQU6pXSmCgMvt2V9nGrVAYeRpJG15AHY94nQ114PfZdeeXJr1AGRbWsZ54Xlq0FkIoBWT1LZmSkFsu0I0WITB0agT4nnpAoI6yWZPFkrqR4irIlI+rgmMunaFh9yCazvDyfnfgU+Vu5 user09@cc-f144a594-655bc94fcd-mkglz",
                    "path": "/home/user09/.ssh/authorized_keys"
                  }
                ]
              }
            ],
            "os_profile_secrets": [],
            "os_profile_windows_config": [],
            "plan": [],
            "primary_network_interface_id": null,
            "resource_group_name": "Team01ResourceGroup",
            "storage_data_disk": [],
            "storage_image_reference": [
              {
                "id": "",
                "offer": "UbuntuServer",
                "publisher": "Canonical",
                "sku": "16.04.0-LTS",
                "version": "latest"
              }
            ],
            "storage_os_disk": [
              {
                "caching": "ReadWrite",
                "create_option": "FromImage",
                "disk_size_gb": 30,
                "image_uri": "",
                "managed_disk_id": "/subscriptions/e0fae348-f6c2-45f5-87b7-c41c22782d8f/resourceGroups/Team01ResourceGroup/providers/Microsoft.Compute/disks/Team01DBOsDisk",
                "managed_disk_type": "Standard_LRS",
                "name": "Team01DBOsDisk",
                "os_type": "Linux",
                "vhd_uri": "",
                "write_accelerator_enabled": false
              }
            ],
            "tags": {
              "environment": "Terraform Demo"
            },
            "vm_size": "Standard_D2_v3",
            "zones": null
          },
          "private": "bnVsbA==",
          "depends_on": [
            "azurerm_network_interface.myterraformnicb",
            "azurerm_resource_group.myterraformgroup",
            "azurerm_storage_account.mystorageaccount"
          ]
        }
      ]
    },
    {
      "mode": "managed",
      "type": "azurerm_virtual_machine",
      "name": "myterraformwebvm",
      "provider": "provider.azurerm",
      "instances": [
        {
          "schema_version": 0,
          "attributes": {
            "availability_set_id": null,
            "boot_diagnostics": [
              {
                "enabled": true,
                "storage_uri": "https://diag16fe6631145227e0.blob.core.windows.net/"
              }
            ],
            "delete_data_disks_on_termination": false,
            "delete_os_disk_on_termination": false,
            "id": "/subscriptions/e0fae348-f6c2-45f5-87b7-c41c22782d8f/resourceGroups/Team01ResourceGroup/providers/Microsoft.Compute/virtualMachines/Team01WebVM",
            "identity": [],
            "license_type": null,
            "location": "koreasouth",
            "name": "Team01WebVM",
            "network_interface_ids": [
              "/subscriptions/e0fae348-f6c2-45f5-87b7-c41c22782d8f/resourceGroups/Team01ResourceGroup/providers/Microsoft.Network/networkInterfaces/Team01NIC_Web"
            ],
            "os_profile": [
              {
                "admin_password": "",
                "admin_username": "user09",
                "computer_name": "Team01vm",
                "custom_data": ""
              }
            ],
            "os_profile_linux_config": [
              {
                "disable_password_authentication": true,
                "ssh_keys": [
                  {
                    "key_data": "ssh-rsa AAAAB3NzaC1yc2EAAAADAQABAAABAQDBCS1H2TonA5kO+zjWQExS6ZC9kxaSchczt67j+Gg4aR1pp3OH6H5+x7MT7oxWLAMwCEnTOWfpjYagNeDQSJnq+f5ZM0AnPjwoEWjU3JLukp9uZdPMRRKeXJ4Hyoj94GsRj+j8+bvG/jObot9H0v/CI5fPYvGPuSAx7fKJ+sLuKOKNnZy9FV51kPa/5Eh6lfdwdp6dbDz06AQU6pXSmCgMvt2V9nGrVAYeRpJG15AHY94nQ114PfZdeeXJr1AGRbWsZ54Xlq0FkIoBWT1LZmSkFsu0I0WITB0agT4nnpAoI6yWZPFkrqR4irIlI+rgmMunaFh9yCazvDyfnfgU+Vu5 user09@cc-f144a594-655bc94fcd-mkglz",
                    "path": "/home/user09/.ssh/authorized_keys"
                  }
                ]
              }
            ],
            "os_profile_secrets": [],
            "os_profile_windows_config": [],
            "plan": [],
            "primary_network_interface_id": null,
            "resource_group_name": "Team01ResourceGroup",
            "storage_data_disk": [],
            "storage_image_reference": [
              {
                "id": "",
                "offer": "UbuntuServer",
                "publisher": "Canonical",
                "sku": "16.04.0-LTS",
                "version": "latest"
              }
            ],
            "storage_os_disk": [
              {
                "caching": "ReadWrite",
                "create_option": "FromImage",
                "disk_size_gb": 30,
                "image_uri": "",
                "managed_disk_id": "/subscriptions/e0fae348-f6c2-45f5-87b7-c41c22782d8f/resourceGroups/Team01ResourceGroup/providers/Microsoft.Compute/disks/Team01OsDisk",
                "managed_disk_type": "Standard_LRS",
                "name": "Team01OsDisk",
                "os_type": "Linux",
                "vhd_uri": "",
                "write_accelerator_enabled": false
              }
            ],
            "tags": {
              "environment": "Terraform Demo"
            },
            "vm_size": "Standard_D1_v2",
            "zones": []
          },
          "depends_on": [
            "azurerm_network_interface.myterraformnica",
            "azurerm_resource_group.myterraformgroup",
            "azurerm_storage_account.mystorageaccount"
          ]
        }
      ]
    },
    {
      "mode": "managed",
      "type": "azurerm_virtual_network",
      "name": "myterraformnetwork",
      "provider": "provider.azurerm",
      "instances": [
        {
          "schema_version": 0,
          "attributes": {
            "address_space": [
              "1.0.0.0/16"
            ],
            "ddos_protection_plan": [],
            "dns_servers": [],
            "id": "/subscriptions/e0fae348-f6c2-45f5-87b7-c41c22782d8f/resourceGroups/Team01ResourceGroup/providers/Microsoft.Network/virtualNetworks/Team01Vnet",
            "location": "koreasouth",
            "name": "Team01Vnet",
            "resource_group_name": "Team01ResourceGroup",
            "subnet": [
              {
                "address_prefix": "1.0.1.0/24",
                "id": "/subscriptions/e0fae348-f6c2-45f5-87b7-c41c22782d8f/resourceGroups/Team01ResourceGroup/providers/Microsoft.Network/virtualNetworks/Team01Vnet/subnets/Team01SubnetA",
                "name": "Team01SubnetA",
                "security_group": ""
              },
              {
                "address_prefix": "1.0.2.0/24",
                "id": "/subscriptions/e0fae348-f6c2-45f5-87b7-c41c22782d8f/resourceGroups/Team01ResourceGroup/providers/Microsoft.Network/virtualNetworks/Team01Vnet/subnets/Team01SubnetB",
                "name": "Team01SubnetB",
                "security_group": ""
              }
            ],
            "tags": {
              "environment": "Terraform Demo"
            }
          },
          "depends_on": [
            "azurerm_resource_group.myterraformgroup"
          ]
        }
      ]
    },
    {
      "mode": "managed",
      "type": "random_id",
      "name": "randomId",
      "provider": "provider.random",
      "instances": [
        {
          "schema_version": 0,
          "attributes": {
            "b64": "Fv5mMRRSJ-A",
            "b64_std": "Fv5mMRRSJ+A=",
            "b64_url": "Fv5mMRRSJ-A",
            "byte_length": 8,
            "dec": "1656874073899280352",
            "hex": "16fe6631145227e0",
            "id": "Fv5mMRRSJ-A",
            "keepers": {
              "resource_group": "Team01ResourceGroup"
            },
            "prefix": null
          },
          "depends_on": [
            "azurerm_resource_group.myterraformgroup"
          ]
        }
      ]
    }
  ]
}
